
Microsoft Visual Studio Solution File, Format Version 12.00
# Visual Studio Version 17
VisualStudioVersion = 17.5.002.0
MinimumVisualStudioVersion = 10.0.40219.1
Project("{9A19103F-16F7-4668-BE54-9A1E7A4F7556}") = "Anotherworld", "Anotherworld.csproj", "{862464BD-96F0-452A-BCEA-B05DA978EBD1}"
EndProject
Global
	GlobalSection(SolutionConfigurationPlatforms) = preSolution
		Debug|Any CPU = Debug|Any CPU
		Release|Any CPU = Release|Any CPU
	EndGlobalSection
	GlobalSection(ProjectConfigurationPlatforms) = postSolution
		{862464BD-96F0-452A-BCEA-B05DA978EBD1}.Debug|Any CPU.ActiveCfg = Debug|Any CPU
		{862464BD-96F0-452A-BCEA-B05DA978EBD1}.Debug|Any CPU.Build.0 = Debug|Any CPU
		{862464BD-96F0-452A-BCEA-B05DA978EBD1}.Release|Any CPU.ActiveCfg = Release|Any CPU
		{862464BD-96F0-452A-BCEA-B05DA978EBD1}.Release|Any CPU.Build.0 = Release|Any CPU
	EndGlobalSection
	GlobalSection(SolutionProperties) = preSolution
		HideSolutionNode = FALSE
	EndGlobalSection
	GlobalSection(ExtensibilityGlobals) = postSolution
		SolutionGuid = {45E985BA-73FF-48AD-AF31-AEC9406E79BA}
	EndGlobalSection
EndGlobal
